lockfileVersion: '9.0'

settings:
  autoInstallPeers: true
  excludeLinksFromLockfile: false

importers:

  .:
    dependencies:
      '@elysiajs/cors':
        specifier: ^1.3.3
        version: 1.3.3(elysia@1.3.8(exact-mirror@0.1.5(@sinclair/typebox@0.34.38))(file-type@21.0.0)(typescript@5.9.2))
      '@elysiajs/html':
        specifier: ^1.3.1
        version: 1.3.1(elysia@1.3.8(exact-mirror@0.1.5(@sinclair/typebox@0.34.38))(file-type@21.0.0)(typescript@5.9.2))(typescript@5.9.2)
      elysia:
        specifier: ^1.0.0
        version: 1.3.8(exact-mirror@0.1.5(@sinclair/typebox@0.34.38))(file-type@21.0.0)(typescript@5.9.2)
      hybrid-queue:
        specifier: file:../hybrid-queue
        version: file:../hybrid-queue(bun@1.2.19)
    devDependencies:
      '@types/bun':
        specifier: latest
        version: 1.2.19(@types/react@19.1.9)
      typescript:
        specifier: ^5.0.0
        version: 5.9.2

packages:

  '@elysiajs/cors@1.3.3':
    resolution: {integrity: sha512-mYIU6PyMM6xIJuj7d27Vt0/wuzVKIEnFPjcvlkyd7t/m9xspAG37cwNjFxVOnyvY43oOd2I/oW2DB85utXpA2Q==}
    peerDependencies:
      elysia: '>= 1.3.0'

  '@elysiajs/html@1.3.1':
    resolution: {integrity: sha512-jOWUfvL9vZ2Gs3uCx2w4Po+jxOwRD/sXW3JgvOAD3rEjX0NuygwcvixtbONSzAH8lFhaDBbHAtmCfpue46X9IQ==}
    peerDependencies:
      elysia: '>= 1.3.0'

  '@kitajs/html@4.2.9':
    resolution: {integrity: sha512-FDHHf5Mi5nR0D+Btq86IV1O9XfsePVCiC5rwU4PXjw2aHja16FmIiwLZBO0CS16rJxKkibjMldyRLAW2ni2mzA==}
    engines: {node: '>=12'}

  '@kitajs/ts-html-plugin@4.1.1':
    resolution: {integrity: sha512-wmjyV8hmJmDOnUM/ZyPkc0UBYgUYmf32/93rkW8wr8h+HiHVMU0tEKFnmRdBjTcy9jwoC9Bnt2NuzS9l67lq5g==}
    hasBin: true
    peerDependencies:
      '@kitajs/html': ^4.2.5
      typescript: ^5.6.2

  '@oven/bun-darwin-aarch64@1.2.19':
    resolution: {integrity: sha512-pJBuez9gwR03Wjtk4hSSBA6QgNdhvPLbrxU4DDzVY8Ee+Q67xNkU0CMK6rFdQF8Qetj2R+Vf8AJDlwAc1QdG1w==}
    cpu: [arm64]
    os: [darwin]

  '@oven/bun-darwin-x64-baseline@1.2.19':
    resolution: {integrity: sha512-fOqbLeP3MoSbeosykTp1+BYSKDJxdjWKyxbPqHTJK2Mnt78+LPTE2yQbCzUL5LBLSRVkIxbTyIcEZxVg3eJmYg==}
    cpu: [x64]
    os: [darwin]

  '@oven/bun-darwin-x64@1.2.19':
    resolution: {integrity: sha512-dsgmgDOG++JsQ3wXEyTiUzhT/4wqcnAxfCQOPho6LgosVUPs6etn01uA1yCySjSk8DrugQIivXB2TaqoOrhKJg==}
    cpu: [x64]
    os: [darwin]

  '@oven/bun-linux-aarch64-musl@1.2.19':
    resolution: {integrity: sha512-awB1ZEh7AbxXGemT/d33F6F4bwClWSFjhcatrweG5o5gh16c4pBKTldg/TUY9EEFrQJVyYQklgl/D919GDLTFA==}
    cpu: [aarch64]
    os: [linux]

  '@oven/bun-linux-aarch64@1.2.19':
    resolution: {integrity: sha512-G4WYbvpfrR5dLBZQoNmYzt8DBguMpPeCz6feU3Qv9E6NmA3xiqyItyDAVgDJrllPk6hvbMi9dYNxXn0NVTjMfw==}
    cpu: [arm64]
    os: [linux]

  '@oven/bun-linux-x64-baseline@1.2.19':
    resolution: {integrity: sha512-gMp1J9fZ1eOrCM0jQblCWRMiU9t3a+wyyHtb0DdHVZpgSdGJ5UpWATfTYFUbmckgVfCJ6Qo8YSMcmtxRtPYgww==}
    cpu: [x64]
    os: [linux]

  '@oven/bun-linux-x64-musl-baseline@1.2.19':
    resolution: {integrity: sha512-9NkUMndXwSyDiDOwCtYoxdXIqg+f30dVm0FwZOUJp8SSuhx8Vaadc5gzzC+A8cGie/IwVchWzJw+mWLStAM8HQ==}
    cpu: [x64]
    os: [linux]

  '@oven/bun-linux-x64-musl@1.2.19':
    resolution: {integrity: sha512-nUBP55pR8hpAZ9omKxkX1SmyEPcTL/ZMgnirC3BdFAec99uqijq8XEWWfSDAmpI8D428vjIhbafArmbutRR1VQ==}
    cpu: [x64]
    os: [linux]

  '@oven/bun-linux-x64@1.2.19':
    resolution: {integrity: sha512-vGhkEtcaPQjizoVAo+1hsVTixarOWxVgwbYZHgoi/pGGIdWWBGNlWnIUQirOv8JVtCMnzkYqrPMHR3EqSvQoFg==}
    cpu: [x64]
    os: [linux]

  '@oven/bun-windows-x64-baseline@1.2.19':
    resolution: {integrity: sha512-OiD1xoVQuj8JHbrDqCQE3sU5r8VIaB9cCDym7BTnnMQLYzZxYEWWvBub8fc/yK7ctuoAS6V+p74Qda6RhDRHpg==}
    cpu: [x64]
    os: [win32]

  '@oven/bun-windows-x64@1.2.19':
    resolution: {integrity: sha512-5OIPUl8fKT/tpxX6pOJUfoAR32k9YdmXbte0zwahIVhyjCyFh0HKQHbfSeJZYV2AzVWbnELszDLRRLnzVbzYSQ==}
    cpu: [x64]
    os: [win32]

  '@sinclair/typebox@0.34.38':
    resolution: {integrity: sha512-HpkxMmc2XmZKhvaKIZZThlHmx1L0I/V1hWK1NubtlFnr6ZqdiOpV72TKudZUNQjZNsyDBay72qFEhEvb+bcwcA==}

  '@tokenizer/inflate@0.2.7':
    resolution: {integrity: sha512-MADQgmZT1eKjp06jpI2yozxaU9uVs4GzzgSL+uEq7bVcJ9V1ZXQkeGNql1fsSI0gMy1vhvNTNbUqrx+pZfJVmg==}
    engines: {node: '>=18'}

  '@tokenizer/token@0.3.0':
    resolution: {integrity: sha512-OvjF+z51L3ov0OyAU0duzsYuvO01PH7x4t6DJx+guahgTnBHkhJdG7soQeTSFLWN3efnHyibZ4Z8l2EuWwJN3A==}

  '@types/bun@1.2.19':
    resolution: {integrity: sha512-d9ZCmrH3CJ2uYKXQIUuZ/pUnTqIvLDS0SK7pFmbx8ma+ziH/FRMoAq5bYpRG7y+w1gl+HgyNZbtqgMq4W4e2Lg==}

  '@types/node@24.2.0':
    resolution: {integrity: sha512-3xyG3pMCq3oYCNg7/ZP+E1ooTaGB4cG8JWRsqqOYQdbWNY4zbaV0Ennrd7stjiJEFZCaybcIgpTjJWHRfBSIDw==}

  '@types/react@19.1.9':
    resolution: {integrity: sha512-WmdoynAX8Stew/36uTSVMcLJJ1KRh6L3IZRx1PZ7qJtBqT3dYTgyDTx8H1qoRghErydW7xw9mSJ3wS//tCRpFA==}

  ansi-regex@5.0.1:
    resolution: {integrity: sha512-quJQXlTSUGL2LH9SUXo8VwsY4soanhgo6LNSm84E1LBcE8s3O0wpdiRzyR9z/ZZJMlMWv37qOOb9pdJlMUEKFQ==}
    engines: {node: '>=8'}

  ansi-styles@4.3.0:
    resolution: {integrity: sha512-zbB9rCJAT1rbjiVDb2hqKFHNYLxgtk8NURxZ3IZwD3F6NtxbXZQCnnSi1Lkx+IDohdPlFp222wVALIheZJQSEg==}
    engines: {node: '>=8'}

  bun-types@1.2.19:
    resolution: {integrity: sha512-uAOTaZSPuYsWIXRpj7o56Let0g/wjihKCkeRqUBhlLVM/Bt+Fj9xTo+LhC1OV1XDaGkz4hNC80et5xgy+9KTHQ==}
    peerDependencies:
      '@types/react': ^19

  bun@1.2.19:
    resolution: {integrity: sha512-P70KUfH9cvgcl8Hjvamr98NinEatV23yX6qaY7z1+3rBPdds0oVX0u6FfrYnWc8F3ayFQ4do6/6xBLWY4itJkQ==}
    cpu: [arm64, x64, aarch64]
    os: [darwin, linux, win32]
    hasBin: true

  chalk@4.1.2:
    resolution: {integrity: sha512-oKnbhFyRIXpUuez8iBMmyEa4nbj4IOQyuhc/wy9kY7/WVPcwIO9VA668Pu8RkO7+0G76SLROeyw9CpQ061i4mA==}
    engines: {node: '>=10'}

  cliui@8.0.1:
    resolution: {integrity: sha512-BSeNnyus75C4//NQ9gQt1/csTXyo/8Sb+afLAkzAptFuMsod9HFokGNudZpi/oQV73hnVK+sR+5PVRMd+Dr7YQ==}
    engines: {node: '>=12'}

  color-convert@2.0.1:
    resolution: {integrity: sha512-RRECPsj7iu/xb5oKYcsFHSppFNnsj/52OVTRKb4zP5onXwVF3zVmmToNcOfGC+CRDpfK/U584fMg38ZHCaElKQ==}
    engines: {node: '>=7.0.0'}

  color-name@1.1.4:
    resolution: {integrity: sha512-dOy+3AuW3a2wNbZHIuMZpTcgjGuLU/uBL/ubcZF9OXbDo8ff4O8yVp5Bf0efS8uEoYo5q4Fx7dY9OgQGXgAsQA==}

  cookie@1.0.2:
    resolution: {integrity: sha512-9Kr/j4O16ISv8zBBhJoi4bXOYNTkFLOqSL3UDB0njXxCXNezjeyVrJyGOWtgfs/q2km1gwBcfH8q1yEGoMYunA==}
    engines: {node: '>=18'}

  csstype@3.1.3:
    resolution: {integrity: sha512-M1uQkMl8rQK/szD0LNhtqxIPLpimGm8sOBwU7lLnCpSbTyY3yeU1Vc7l4KT5zT4s/yOxHH5O7tIuuLOCnLADRw==}

  debug@4.4.1:
    resolution: {integrity: sha512-KcKCqiftBJcZr++7ykoDIEwSa3XWowTfNPo92BYxjXiyYEVrUQh2aLyhxBCwww+heortUFxEJYcRzosstTEBYQ==}
    engines: {node: '>=6.0'}
    peerDependencies:
      supports-color: '*'
    peerDependenciesMeta:
      supports-color:
        optional: true

  elysia@1.3.8:
    resolution: {integrity: sha512-kxYFhegJbUEf5otzmisEvGt3R7d/dPBNVERO2nHo0kFqKBHyj5slArc90mSRKLfi1vamMtPcz67rL6Zeg5F2yg==}
    peerDependencies:
      exact-mirror: '>= 0.0.9'
      file-type: '>= 20.0.0'
      typescript: '>= 5.0.0'

  emoji-regex@8.0.0:
    resolution: {integrity: sha512-MSjYzcWNOA0ewAHpz0MxpYFvwg6yjy1NG3xteoqz644VCo/RPgnr1/GGt+ic3iJTzQ8Eu3TdM14SawnVUmGE6A==}

  escalade@3.2.0:
    resolution: {integrity: sha512-WUj2qlxaQtO4g6Pq5c29GTcWGDyd8itL8zTlipgECz3JesAiiOKotd8JU6otB3PACgG6xkJUyVhboMS+bje/jA==}
    engines: {node: '>=6'}

  exact-mirror@0.1.5:
    resolution: {integrity: sha512-NKLenPSYjWPoj2+IL3+NSXDTfddZMBAclnLPPZCEtWcSZYOVlKwedNpCCVQkdyIo6UYAMTiLd4wgtuQMPs4C/A==}
    peerDependencies:
      '@sinclair/typebox': ^0.34.15
    peerDependenciesMeta:
      '@sinclair/typebox':
        optional: true

  fast-decode-uri-component@1.0.1:
    resolution: {integrity: sha512-WKgKWg5eUxvRZGwW8FvfbaH7AXSh2cL+3j5fMGzUMCxWBJ3dV3a7Wz8y2f/uQ0e3B6WmodD3oS54jTQ9HVTIIg==}

  fflate@0.8.2:
    resolution: {integrity: sha512-cPJU47OaAoCbg0pBvzsgpTPhmhqI5eJjh/JIu8tPj5q+T7iLvW/JAYUqmE7KOB4R1ZyEhzBaIQpQpardBF5z8A==}

  file-type@21.0.0:
    resolution: {integrity: sha512-ek5xNX2YBYlXhiUXui3D/BXa3LdqPmoLJ7rqEx2bKJ7EAUEfmXgW0Das7Dc6Nr9MvqaOnIqiPV0mZk/r/UpNAg==}
    engines: {node: '>=20'}

  get-caller-file@2.0.5:
    resolution: {integrity: sha512-DyFP3BM/3YHTQOCUL/w0OZHR0lpKeGrxotcHWcqNEdnltqFwXVfhEBQ94eIo34AfQpo0rGki4cyIiftY06h2Fg==}
    engines: {node: 6.* || 8.* || >= 10.*}

  has-flag@4.0.0:
    resolution: {integrity: sha512-EykJT/Q1KjTWctppgIAgfSO0tKVuZUjhgMr17kqTumMl6Afv3EISleU7qZUzoXDFTAHTDC4NOoG/ZxU3EvlMPQ==}
    engines: {node: '>=8'}

  hybrid-queue@file:../hybrid-queue:
    resolution: {directory: ../hybrid-queue, type: directory}
    engines: {bun: '>=1.0.0'}
    peerDependencies:
      bun: '>=1.0.0'

  ieee754@1.2.1:
    resolution: {integrity: sha512-dcyqhDvX1C46lXZcVqCpK+FtMRQVdIMN6/Df5js2zouUsqG7I6sFxitIC+7KYK29KdXOLHdu9zL4sFnoVQnqaA==}

  is-fullwidth-code-point@3.0.0:
    resolution: {integrity: sha512-zymm5+u+sCsSWyD9qNaejV3DFvhCKclKdizYaJUuHA83RLjb7nSuGnddCHGv0hk+KY7BMAlsWeK4Ueg6EV6XQg==}
    engines: {node: '>=8'}

  ms@2.1.3:
    resolution: {integrity: sha512-6FlzubTLZG3J2a/NVCAleEhjzq5oxgHyaCU9yYXvcLsvoVaHJq/s5xXI6/XXP6tz7R9xAOtHnSO/tXtF3WRTlA==}

  openapi-types@12.1.3:
    resolution: {integrity: sha512-N4YtSYJqghVu4iek2ZUvcN/0aqH1kRDuNqzcycDxhOUpg7GdvLa2F3DgS6yBNhInhv2r/6I0Flkn7CqL8+nIcw==}

  require-directory@2.1.1:
    resolution: {integrity: sha512-fGxEI7+wsG9xrvdjsrlmL22OMTTiHRwAMroiEeMgq8gzoLC/PQr7RsRDSTLUg/bZAZtF+TVIkHc6/4RIKrui+Q==}
    engines: {node: '>=0.10.0'}

  string-width@4.2.3:
    resolution: {integrity: sha512-wKyQRQpjJ0sIp62ErSZdGsjMJWsap5oRNihHhu6G7JVO/9jIB6UyevL+tXuOqrng8j/cxKTWyWUwvSTriiZz/g==}
    engines: {node: '>=8'}

  strip-ansi@6.0.1:
    resolution: {integrity: sha512-Y38VPSHcqkFrCpFnQ9vuSXmquuv5oXOKpGeT6aGrr3o3Gc9AlVa6JBfUSOCnbxGGZF+/0ooI7KrPuUSztUdU5A==}
    engines: {node: '>=8'}

  strtok3@10.3.4:
    resolution: {integrity: sha512-KIy5nylvC5le1OdaaoCJ07L+8iQzJHGH6pWDuzS+d07Cu7n1MZ2x26P8ZKIWfbK02+XIL8Mp4RkWeqdUCrDMfg==}
    engines: {node: '>=18'}

  supports-color@7.2.0:
    resolution: {integrity: sha512-qpCAvRl9stuOHveKsn7HncJRvv501qIacKzQlO/+Lwxc9+0q2wLyv4Dfvt80/DPn2pqOBsJdDiogXGR9+OvwRw==}
    engines: {node: '>=8'}

  token-types@6.0.4:
    resolution: {integrity: sha512-MD9MjpVNhVyH4fyd5rKphjvt/1qj+PtQUz65aFqAZA6XniWAuSFRjLk3e2VALEFlh9OwBpXUN7rfeqSnT/Fmkw==}
    engines: {node: '>=14.16'}

  tslib@2.8.1:
    resolution: {integrity: sha512-oJFu94HQb+KVduSUQL7wnpmqnfmLsOA/nAh6b6EH0wCEoK0/mPeXU6c3wKDV83MkOuHPRHtSXKKU99IBazS/2w==}

  typescript@5.9.2:
    resolution: {integrity: sha512-CWBzXQrc/qOkhidw1OzBTQuYRbfyxDXJMVJ1XNwUHGROVmuaeiEm3OslpZ1RV96d7SKKjZKrSJu3+t/xlw3R9A==}
    engines: {node: '>=14.17'}
    hasBin: true

  uint8array-extras@1.4.0:
    resolution: {integrity: sha512-ZPtzy0hu4cZjv3z5NW9gfKnNLjoz4y6uv4HlelAjDK7sY/xOkKZv9xK/WQpcsBB3jEybChz9DPC2U/+cusjJVQ==}
    engines: {node: '>=18'}

  undici-types@7.10.0:
    resolution: {integrity: sha512-t5Fy/nfn+14LuOc2KNYg75vZqClpAiqscVvMygNnlsHBFpSXdJaYtXMcdNLpl/Qvc3P2cB3s6lOV51nqsFq4ag==}

  wrap-ansi@7.0.0:
    resolution: {integrity: sha512-YVGIj2kamLSTxw6NsZjoBxfSwsn0ycdesmc4p+Q21c5zPuZ1pl+NfxVdxPtdHvmNVOQ6XSYG4AUtyt/Fi7D16Q==}
    engines: {node: '>=10'}

  y18n@5.0.8:
    resolution: {integrity: sha512-0pfFzegeDWJHJIAmTLRP2DwHjdF5s7jo9tuztdQxAhINCdvS+3nGINqPd00AphqJR/0LhANUS6/+7SCb98YOfA==}
    engines: {node: '>=10'}

  yargs-parser@21.1.1:
    resolution: {integrity: sha512-tVpsJW7DdjecAiFpbIB1e3qxIQsE6NoPc5/eTdrbbIC4h0LVsWhnoa3g+m2HclBIujHzsxZ4VJVA+GUuc2/LBw==}
    engines: {node: '>=12'}

  yargs@17.7.2:
    resolution: {integrity: sha512-7dSzzRQ++CKnNI/krKnYRV7JKKPUXMEh61soaHKg9mrWEhzFWhFnxPxGl+69cD1Ou63C13NUPCnmIcrvqCuM6w==}
    engines: {node: '>=12'}

snapshots:

  '@elysiajs/cors@1.3.3(elysia@1.3.8(exact-mirror@0.1.5(@sinclair/typebox@0.34.38))(file-type@21.0.0)(typescript@5.9.2))':
    dependencies:
      elysia: 1.3.8(exact-mirror@0.1.5(@sinclair/typebox@0.34.38))(file-type@21.0.0)(typescript@5.9.2)

  '@elysiajs/html@1.3.1(elysia@1.3.8(exact-mirror@0.1.5(@sinclair/typebox@0.34.38))(file-type@21.0.0)(typescript@5.9.2))(typescript@5.9.2)':
    dependencies:
      '@kitajs/html': 4.2.9
      '@kitajs/ts-html-plugin': 4.1.1(@kitajs/html@4.2.9)(typescript@5.9.2)
      elysia: 1.3.8(exact-mirror@0.1.5(@sinclair/typebox@0.34.38))(file-type@21.0.0)(typescript@5.9.2)
    transitivePeerDependencies:
      - typescript

  '@kitajs/html@4.2.9':
    dependencies:
      csstype: 3.1.3

  '@kitajs/ts-html-plugin@4.1.1(@kitajs/html@4.2.9)(typescript@5.9.2)':
    dependencies:
      '@kitajs/html': 4.2.9
      chalk: 4.1.2
      tslib: 2.8.1
      typescript: 5.9.2
      yargs: 17.7.2

  '@oven/bun-darwin-aarch64@1.2.19':
    optional: true

  '@oven/bun-darwin-x64-baseline@1.2.19':
    optional: true

  '@oven/bun-darwin-x64@1.2.19':
    optional: true

  '@oven/bun-linux-aarch64-musl@1.2.19':
    optional: true

  '@oven/bun-linux-aarch64@1.2.19':
    optional: true

  '@oven/bun-linux-x64-baseline@1.2.19':
    optional: true

  '@oven/bun-linux-x64-musl-baseline@1.2.19':
    optional: true

  '@oven/bun-linux-x64-musl@1.2.19':
    optional: true

  '@oven/bun-linux-x64@1.2.19':
    optional: true

  '@oven/bun-windows-x64-baseline@1.2.19':
    optional: true

  '@oven/bun-windows-x64@1.2.19':
    optional: true

  '@sinclair/typebox@0.34.38':
    optional: true

  '@tokenizer/inflate@0.2.7':
    dependencies:
      debug: 4.4.1
      fflate: 0.8.2
      token-types: 6.0.4
    transitivePeerDependencies:
      - supports-color

  '@tokenizer/token@0.3.0': {}

  '@types/bun@1.2.19(@types/react@19.1.9)':
    dependencies:
      bun-types: 1.2.19(@types/react@19.1.9)
    transitivePeerDependencies:
      - '@types/react'

  '@types/node@24.2.0':
    dependencies:
      undici-types: 7.10.0

  '@types/react@19.1.9':
    dependencies:
      csstype: 3.1.3

  ansi-regex@5.0.1: {}

  ansi-styles@4.3.0:
    dependencies:
      color-convert: 2.0.1

  bun-types@1.2.19(@types/react@19.1.9):
    dependencies:
      '@types/node': 24.2.0
      '@types/react': 19.1.9

  bun@1.2.19:
    optionalDependencies:
      '@oven/bun-darwin-aarch64': 1.2.19
      '@oven/bun-darwin-x64': 1.2.19
      '@oven/bun-darwin-x64-baseline': 1.2.19
      '@oven/bun-linux-aarch64': 1.2.19
      '@oven/bun-linux-aarch64-musl': 1.2.19
      '@oven/bun-linux-x64': 1.2.19
      '@oven/bun-linux-x64-baseline': 1.2.19
      '@oven/bun-linux-x64-musl': 1.2.19
      '@oven/bun-linux-x64-musl-baseline': 1.2.19
      '@oven/bun-windows-x64': 1.2.19
      '@oven/bun-windows-x64-baseline': 1.2.19

  chalk@4.1.2:
    dependencies:
      ansi-styles: 4.3.0
      supports-color: 7.2.0

  cliui@8.0.1:
    dependencies:
      string-width: 4.2.3
      strip-ansi: 6.0.1
      wrap-ansi: 7.0.0

  color-convert@2.0.1:
    dependencies:
      color-name: 1.1.4

  color-name@1.1.4: {}

  cookie@1.0.2: {}

  csstype@3.1.3: {}

  debug@4.4.1:
    dependencies:
      ms: 2.1.3

  elysia@1.3.8(exact-mirror@0.1.5(@sinclair/typebox@0.34.38))(file-type@21.0.0)(typescript@5.9.2):
    dependencies:
      cookie: 1.0.2
      exact-mirror: 0.1.5(@sinclair/typebox@0.34.38)
      fast-decode-uri-component: 1.0.1
      file-type: 21.0.0
      typescript: 5.9.2
    optionalDependencies:
      '@sinclair/typebox': 0.34.38
      openapi-types: 12.1.3

  emoji-regex@8.0.0: {}

  escalade@3.2.0: {}

  exact-mirror@0.1.5(@sinclair/typebox@0.34.38):
    optionalDependencies:
      '@sinclair/typebox': 0.34.38

  fast-decode-uri-component@1.0.1: {}

  fflate@0.8.2: {}

  file-type@21.0.0:
    dependencies:
      '@tokenizer/inflate': 0.2.7
      strtok3: 10.3.4
      token-types: 6.0.4
      uint8array-extras: 1.4.0
    transitivePeerDependencies:
      - supports-color

  get-caller-file@2.0.5: {}

  has-flag@4.0.0: {}

  hybrid-queue@file:../hybrid-queue(bun@1.2.19):
    dependencies:
      bun: 1.2.19

  ieee754@1.2.1: {}

  is-fullwidth-code-point@3.0.0: {}

  ms@2.1.3: {}

  openapi-types@12.1.3:
    optional: true

  require-directory@2.1.1: {}

  string-width@4.2.3:
    dependencies:
      emoji-regex: 8.0.0
      is-fullwidth-code-point: 3.0.0
      strip-ansi: 6.0.1

  strip-ansi@6.0.1:
    dependencies:
      ansi-regex: 5.0.1

  strtok3@10.3.4:
    dependencies:
      '@tokenizer/token': 0.3.0

  supports-color@7.2.0:
    dependencies:
      has-flag: 4.0.0

  token-types@6.0.4:
    dependencies:
      '@tokenizer/token': 0.3.0
      ieee754: 1.2.1

  tslib@2.8.1: {}

  typescript@5.9.2: {}

  uint8array-extras@1.4.0: {}

  undici-types@7.10.0: {}

  wrap-ansi@7.0.0:
    dependencies:
      ansi-styles: 4.3.0
      string-width: 4.2.3
      strip-ansi: 6.0.1

  y18n@5.0.8: {}

  yargs-parser@21.1.1: {}

  yargs@17.7.2:
    dependencies:
      cliui: 8.0.1
      escalade: 3.2.0
      get-caller-file: 2.0.5
      require-directory: 2.1.1
      string-width: 4.2.3
      y18n: 5.0.8
      yargs-parser: 21.1.1
